
Microsoft Visual Studio Solution File, Format Version 12.00
# Visual Studio 15
VisualStudioVersion = 15.0.27130.2010
MinimumVisualStudioVersion = 10.0.40219.1
Project("{FAE04EC0-301F-11D3-BF4B-00C04F79EFBC}") = "fsrman", "fsrman\fsrman.csproj", "{774A8966-B268-471D-AE72-D6B9D9D55473}"
EndProject
Global
	GlobalSection(SolutionConfigurationPlatforms) = preSolution
		Debug|Any CPU = Debug|Any CPU
		Release|Any CPU = Release|Any CPU
	EndGlobalSection
	GlobalSection(ProjectConfigurationPlatforms) = postSolution
		{774A8966-B268-471D-AE72-D6B9D9D55473}.Debug|Any CPU.ActiveCfg = Debug|Any CPU
		{774A8966-B268-471D-AE72-D6B9D9D55473}.Debug|Any CPU.Build.0 = Debug|Any CPU
		{774A8966-B268-471D-AE72-D6B9D9D55473}.Release|Any CPU.ActiveCfg = Release|Any CPU
		{774A8966-B268-471D-AE72-D6B9D9D55473}.Release|Any CPU.Build.0 = Release|Any CPU
	EndGlobalSection
	GlobalSection(SolutionProperties) = preSolution
		HideSolutionNode = FALSE
	EndGlobalSection
	GlobalSection(ExtensibilityGlobals) = postSolution
		SolutionGuid = {FBB6BDEB-679B-4372-A903-B6695E6D1C7A}
	EndGlobalSection
	GlobalSection(TeamFoundationVersionControl) = preSolution
		SccNumberOfProjects = 2
		SccEnterpriseProvider = {4CA58AB2-18FA-4F8D-95D4-32DDF27D184C}
		SccTeamFoundationServer = https://tfs.krns-inc.com/tfs/krns%20projects
		SccLocalPath0 = .
		SccProjectUniqueName1 = fsrman\\fsrman.csproj
		SccProjectName1 = fsrman
		SccLocalPath1 = fsrman
	EndGlobalSection
EndGlobal
